
Microsoft Visual Studio Solution File, Format Version 12.00
# Visual Studio Version 16
VisualStudioVersion = 16.0.31205.134
MinimumVisualStudioVersion = 10.0.40219.1
Project("{FAE04EC0-301F-11D3-BF4B-00C04F79EFBC}") = "PainterLibrary", "PainterLibrary\PainterLibrary.csproj", "{67F92800-B076-479B-8546-A73FAB3E4D2F}"
EndProject
Project("{FAE04EC0-301F-11D3-BF4B-00C04F79EFBC}") = "ConsoleUI", "ConsoleUI\ConsoleUI.csproj", "{49FE51E6-3AE0-4200-B9B4-180D6FD4BC8A}"
EndProject
Global
	GlobalSection(SolutionConfigurationPlatforms) = preSolution
		Debug|Any CPU = Debug|Any CPU
		Release|Any CPU = Release|Any CPU
	EndGlobalSection
	GlobalSection(ProjectConfigurationPlatforms) = postSolution
		{67F92800-B076-479B-8546-A73FAB3E4D2F}.Debug|Any CPU.ActiveCfg = Debug|Any CPU
		{67F92800-B076-479B-8546-A73FAB3E4D2F}.Debug|Any CPU.Build.0 = Debug|Any CPU
		{67F92800-B076-479B-8546-A73FAB3E4D2F}.Release|Any CPU.ActiveCfg = Release|Any CPU
		{67F92800-B076-479B-8546-A73FAB3E4D2F}.Release|Any CPU.Build.0 = Release|Any CPU
		{49FE51E6-3AE0-4200-B9B4-180D6FD4BC8A}.Debug|Any CPU.ActiveCfg = Debug|Any CPU
		{49FE51E6-3AE0-4200-B9B4-180D6FD4BC8A}.Debug|Any CPU.Build.0 = Debug|Any CPU
		{49FE51E6-3AE0-4200-B9B4-180D6FD4BC8A}.Release|Any CPU.ActiveCfg = Release|Any CPU
		{49FE51E6-3AE0-4200-B9B4-180D6FD4BC8A}.Release|Any CPU.Build.0 = Release|Any CPU
	EndGlobalSection
	GlobalSection(SolutionProperties) = preSolution
		HideSolutionNode = FALSE
	EndGlobalSection
	GlobalSection(ExtensibilityGlobals) = postSolution
		SolutionGuid = {59DB7D2C-5954-4D50-BE37-FBBED0B2FE21}
	EndGlobalSection
EndGlobal
